github.com/phillip-england/fungi v1.0.2 h1:VMWPfOtsbge5m0XF0T+kkykjxsq67oB9dfY26M+Jod8=
github.com/phillip-england/fungi v1.0.2/go.mod h1:WCVeUhFvQq7C7lLS+eczqmoeeK2UXgtisZ8ZQtOCbmk=
github.com/phillip-england/purse v1.0.19 h1:TGc+UsDFWYNEohWrPGfSbnGVVf/uRyiGhHCbmzed4YE=
github.com/phillip-england/purse v1.0.19/go.mod h1:MeBsQJohgOVLuiEMXd2CBHuS3yFWGoaxVDKYCKL3uCE=
github.com/phillip-england/purse v1.0.20 h1:u7a/ukMh3409jtwISMKj5BoQpI3y5a5IS3hPOUt/guI=
github.com/phillip-england/purse v1.0.20/go.mod h1:MeBsQJohgOVLuiEMXd2CBHuS3yFWGoaxVDKYCKL3uCE=
github.com/phillip-england/purse v1.0.21 h1:wbGkflOCNqORMmdFhm+LmIJ8/yyO1TpenzWyLNV+Xrw=
github.com/phillip-england/purse v1.0.21/go.mod h1:MeBsQJohgOVLuiEMXd2CBHuS3yFWGoaxVDKYCKL3uCE=
github.com/phillip-england/purse v1.0.22 h1:B05Cz8qYRikEGUHNM+0nSj85/o4ivw/6UnYNIRdLRO8=
github.com/phillip-england/purse v1.0.22/go.mod h1:MeBsQJohgOVLuiEMXd2CBHuS3yFWGoaxVDKYCKL3uCE=
